
Microsoft Visual Studio Solution File, Format Version 12.00
# Visual Studio Version 17
VisualStudioVersion = 17.8.34408.163
MinimumVisualStudioVersion = 10.0.40219.1
Project("{9A19103F-16F7-4668-BE54-9A1E7A4F7556}") = "HarkDataApi", "HarkDataApi\HarkDataApi.csproj", "{5FFCF778-8507-4137-9E63-D34AE44C6002}"
EndProject
Project("{9A19103F-16F7-4668-BE54-9A1E7A4F7556}") = "HarkDataApiTests", "HarkDartaApiTests\HarkDataApiTests.csproj", "{00E0AC45-392C-4039-95ED-7B0B3B6F5FA2}"
EndProject
Global
	GlobalSection(SolutionConfigurationPlatforms) = preSolution
		Debug|Any CPU = Debug|Any CPU
		Release|Any CPU = Release|Any CPU
	EndGlobalSection
	GlobalSection(ProjectConfigurationPlatforms) = postSolution
		{5FFCF778-8507-4137-9E63-D34AE44C6002}.Debug|Any CPU.ActiveCfg = Debug|Any CPU
		{5FFCF778-8507-4137-9E63-D34AE44C6002}.Debug|Any CPU.Build.0 = Debug|Any CPU
		{5FFCF778-8507-4137-9E63-D34AE44C6002}.Release|Any CPU.ActiveCfg = Release|Any CPU
		{5FFCF778-8507-4137-9E63-D34AE44C6002}.Release|Any CPU.Build.0 = Release|Any CPU
		{00E0AC45-392C-4039-95ED-7B0B3B6F5FA2}.Debug|Any CPU.ActiveCfg = Debug|Any CPU
		{00E0AC45-392C-4039-95ED-7B0B3B6F5FA2}.Debug|Any CPU.Build.0 = Debug|Any CPU
		{00E0AC45-392C-4039-95ED-7B0B3B6F5FA2}.Release|Any CPU.ActiveCfg = Release|Any CPU
		{00E0AC45-392C-4039-95ED-7B0B3B6F5FA2}.Release|Any CPU.Build.0 = Release|Any CPU
	EndGlobalSection
	GlobalSection(SolutionProperties) = preSolution
		HideSolutionNode = FALSE
	EndGlobalSection
	GlobalSection(ExtensibilityGlobals) = postSolution
		SolutionGuid = {700DDDCC-1A7E-4EC7-99D0-82FE95D6BB36}
	EndGlobalSection
EndGlobal
